
Microsoft Visual Studio Solution File, Format Version 12.00
# Visual Studio Version 16
VisualStudioVersion = 16.0.30907.101
MinimumVisualStudioVersion = 10.0.40219.1
Project("{9A19103F-16F7-4668-BE54-9A1E7A4F7556}") = "doctor-mangle-design-patterns", "doctor-mangle-design-patterns\doctor-mangle-design-patterns.csproj", "{8B32B7B9-9267-43AF-9CDC-A81DBECA63E8}"
EndProject
Project("{9A19103F-16F7-4668-BE54-9A1E7A4F7556}") = "doctor-mangle", "doctor-mangle-data\doctor-mangle.csproj", "{AC686455-6DB0-498C-B006-53E037317D80}"
EndProject
Project("{FAE04EC0-301F-11D3-BF4B-00C04F79EFBC}") = "doctor-mangle.test", "doctor-mangle.test\doctor-mangle.test.csproj", "{E2A32459-3FD1-47BD-B017-D1AD38A3129C}"
EndProject
Global
	GlobalSection(SolutionConfigurationPlatforms) = preSolution
		Debug|Any CPU = Debug|Any CPU
		Release|Any CPU = Release|Any CPU
	EndGlobalSection
	GlobalSection(ProjectConfigurationPlatforms) = postSolution
		{8B32B7B9-9267-43AF-9CDC-A81DBECA63E8}.Debug|Any CPU.ActiveCfg = Debug|Any CPU
		{8B32B7B9-9267-43AF-9CDC-A81DBECA63E8}.Debug|Any CPU.Build.0 = Debug|Any CPU
		{8B32B7B9-9267-43AF-9CDC-A81DBECA63E8}.Release|Any CPU.ActiveCfg = Release|Any CPU
		{8B32B7B9-9267-43AF-9CDC-A81DBECA63E8}.Release|Any CPU.Build.0 = Release|Any CPU
		{AC686455-6DB0-498C-B006-53E037317D80}.Debug|Any CPU.ActiveCfg = Debug|Any CPU
		{AC686455-6DB0-498C-B006-53E037317D80}.Debug|Any CPU.Build.0 = Debug|Any CPU
		{AC686455-6DB0-498C-B006-53E037317D80}.Release|Any CPU.ActiveCfg = Release|Any CPU
		{AC686455-6DB0-498C-B006-53E037317D80}.Release|Any CPU.Build.0 = Release|Any CPU
		{E2A32459-3FD1-47BD-B017-D1AD38A3129C}.Debug|Any CPU.ActiveCfg = Debug|Any CPU
		{E2A32459-3FD1-47BD-B017-D1AD38A3129C}.Debug|Any CPU.Build.0 = Debug|Any CPU
		{E2A32459-3FD1-47BD-B017-D1AD38A3129C}.Release|Any CPU.ActiveCfg = Release|Any CPU
		{E2A32459-3FD1-47BD-B017-D1AD38A3129C}.Release|Any CPU.Build.0 = Release|Any CPU
	EndGlobalSection
	GlobalSection(SolutionProperties) = preSolution
		HideSolutionNode = FALSE
	EndGlobalSection
	GlobalSection(ExtensibilityGlobals) = postSolution
		SolutionGuid = {EE8939B5-2549-4985-BB78-0E90912B37E2}
	EndGlobalSection
EndGlobal
